// !$*UTF8*$!
{
	archiveVersion = 1;
	classes = {
	};
	objectVersion = 55;
	objects = {

/* Begin PBXBuildFile section */
		1AECCA2C270C29AB000FACA1 /* AppDelegate.swift in Sources */ = {isa = PBXBuildFile; fileRef = 1AECCA2B270C29AB000FACA1 /* AppDelegate.swift */; };
		1AECCA2E270C29AB000FACA1 /* SceneDelegate.swift in Sources */ = {isa = PBXBuildFile; fileRef = 1AECCA2D270C29AB000FACA1 /* SceneDelegate.swift */; };
		1AECCA30270C29AB000FACA1 /* ViewController.swift in Sources */ = {isa = PBXBuildFile; fileRef = 1AECCA2F270C29AB000FACA1 /* ViewController.swift */; };
		1AECCA33270C29AB000FACA1 /* Main.storyboard in Resources */ = {isa = PBXBuildFile; fileRef = 1AECCA31270C29AB000FACA1 /* Main.storyboard */; };
		1AECCA35270C29AD000FACA1 /* Assets.xcassets in Resources */ = {isa = PBXBuildFile; fileRef = 1AECCA34270C29AD000FACA1 /* Assets.xcassets */; };
		1AECCA38270C29AD000FACA1 /* LaunchScreen.storyboard in Resources */ = {isa = PBXBuildFile; fileRef = 1AECCA36270C29AD000FACA1 /* LaunchScreen.storyboard */; };
		1AECCA43270C29AD000FACA1 /* Kefan_FlixTests.swift in Sources */ = {isa = PBXBuildFile; fileRef = 1AECCA42270C29AD000FACA1 /* Kefan_FlixTests.swift */; };
		1AECCA4D270C29AD000FACA1 /* Kefan_FlixUITests.swift in Sources */ = {isa = PBXBuildFile; fileRef = 1AECCA4C270C29AD000FACA1 /* Kefan_FlixUITests.swift */; };
		1AECCA4F270C29AD000FACA1 /* Kefan_FlixUITestsLaunchTests.swift in Sources */ = {isa = PBXBuildFile; fileRef = 1AECCA4E270C29AD000FACA1 /* Kefan_FlixUITestsLaunchTests.swift */; };
/* End PBXBuildFile section */

/* Begin PBXContainerItemProxy section */
		1AECCA3F270C29AD000FACA1 /* PBXContainerItemProxy */ = {
			isa = PBXContainerItemProxy;
			containerPortal = 1AECCA20270C29AB000FACA1 /* Project object */;
			proxyType = 1;
			remoteGlobalIDString = 1AECCA27270C29AB000FACA1;
			remoteInfo = Kefan_Flix;
		};
		1AECCA49270C29AD000FACA1 /* PBXContainerItemProxy */ = {
			isa = PBXContainerItemProxy;
			containerPortal = 1AECCA20270C29AB000FACA1 /* Project object */;
			proxyType = 1;
			remoteGlobalIDString = 1AECCA27270C29AB000FACA1;
			remoteInfo = Kefan_Flix;
		};
/* End PBXContainerItemProxy section */

/* Begin PBXFileReference section */
		1AECCA28270C29AB000FACA1 /* Kefan_Flix.app */ = {isa = PBXFileReference; explicitFileType = wrapper.application; includeInIndex = 0; path = Kefan_Flix.app; sourceTree = BUILT_PRODUCTS_DIR; };
		1AECCA2B270C29AB000FACA1 /* AppDelegate.swift */ = {isa = PBXFileReference; lastKnownFileType = sourcecode.swift; path = AppDelegate.swift; sourceTree = "<group>"; };
		1AECCA2D270C29AB000FACA1 /* SceneDelegate.swift */ = {isa = PBXFileReference; lastKnownFileType = sourcecode.swift; path = SceneDelegate.swift; sourceTree = "<group>"; };
		1AECCA2F270C29AB000FACA1 /* ViewController.swift */ = {isa = PBXFileReference; lastKnownFileType = sourcecode.swift; path = ViewController.swift; sourceTree = "<group>"; };
		1AECCA32270C29AB000FACA1 /* Base */ = {isa = PBXFileReference; lastKnownFileType = file.storyboard; name = Base; path = Base.lproj/Main.storyboard; sourceTree = "<group>"; };
		1AECCA34270C29AD000FACA1 /* Assets.xcassets */ = {isa = PBXFileReference; lastKnownFileType = folder.assetcatalog; path = Assets.xcassets; sourceTree = "<group>"; };
		1AECCA37270C29AD000FACA1 /* Base */ = {isa = PBXFileReference; lastKnownFileType = file.storyboard; name = Base; path = Base.lproj/LaunchScreen.storyboard; sourceTree = "<group>"; };
		1AECCA39270C29AD000FACA1 /* Info.plist */ = {isa = PBXFileReference; lastKnownFileType = text.plist.xml; path = Info.plist; sourceTree = "<group>"; };
		1AECCA3E270C29AD000FACA1 /* Kefan_FlixTests.xctest */ = {isa = PBXFileReference; explicitFileType = wrapper.cfbundle; includeInIndex = 0; path = Kefan_FlixTests.xctest; sourceTree = BUILT_PRODUCTS_DIR; };
		1AECCA42270C29AD000FACA1 /* Kefan_FlixTests.swift */ = {isa = PBXFileReference; lastKnownFileType = sourcecode.swift; path = Kefan_FlixTests.swift; sourceTree = "<group>"; };
		1AECCA48270C29AD000FACA1 /* Kefan_FlixUITests.xctest */ = {isa = PBXFileReference; explicitFileType = wrapper.cfbundle; includeInIndex = 0; path = Kefan_FlixUITests.xctest; sourceTree = BUILT_PRODUCTS_DIR; };
		1AECCA4C270C29AD000FACA1 /* Kefan_FlixUITests.swift */ = {isa = PBXFileReference; lastKnownFileType = sourcecode.swift; path = Kefan_FlixUITests.swift; sourceTree = "<group>"; };
		1AECCA4E270C29AD000FACA1 /* Kefan_FlixUITestsLaunchTests.swift */ = {isa = PBXFileReference; lastKnownFileType = sourcecode.swift; path = Kefan_FlixUITestsLaunchTests.swift; sourceTree = "<group>"; };
/* End PBXFileReference section */

/* Begin PBXFrameworksBuildPhase section */
		1AECCA25270C29AB000FACA1 /* Frameworks */ = {
			isa = PBXFrameworksBuildPhase;
			buildActionMask = 2147483647;
			files = (
			);
			runOnlyForDeploymentPostprocessing = 0;
		};
		1AECCA3B270C29AD000FACA1 /* Frameworks */ = {
			isa = PBXFrameworksBuildPhase;
			buildActionMask = 2147483647;
			files = (
			);
			runOnlyForDeploymentPostprocessing = 0;
		};
		1AECCA45270C29AD000FACA1 /* Frameworks */ = {
			isa = PBXFrameworksBuildPhase;
			buildActionMask = 2147483647;
			files = (
			);
			runOnlyForDeploymentPostprocessing = 0;
		};
/* End PBXFrameworksBuildPhase section */

/* Begin PBXGroup section */
		1AECCA1F270C29AB000FACA1 = {
			isa = PBXGroup;
			children = (
				1AECCA2A270C29AB000FACA1 /* Kefan_Flix */,
				1AECCA41270C29AD000FACA1 /* Kefan_FlixTests */,
				1AECCA4B270C29AD000FACA1 /* Kefan_FlixUITests */,
				1AECCA29270C29AB000FACA1 /* Products */,
			);
			sourceTree = "<group>";
		};
		1AECCA29270C29AB000FACA1 /* Products */ = {
			isa = PBXGroup;
			children = (
				1AECCA28270C29AB000FACA1 /* Kefan_Flix.app */,
				1AECCA3E270C29AD000FACA1 /* Kefan_FlixTests.xctest */,
				1AECCA48270C29AD000FACA1 /* Kefan_FlixUITests.xctest */,
			);
			name = Products;
			sourceTree = "<group>";
		};
		1AECCA2A270C29AB000FACA1 /* Kefan_Flix */ = {
			isa = PBXGroup;
			children = (
				1AECCA2B270C29AB000FACA1 /* AppDelegate.swift */,
				1AECCA2D270C29AB000FACA1 /* SceneDelegate.swift */,
				1AECCA2F270C29AB000FACA1 /* ViewController.swift */,
				1AECCA31270C29AB000FACA1 /* Main.storyboard */,
				1AECCA34270C29AD000FACA1 /* Assets.xcassets */,
				1AECCA36270C29AD000FACA1 /* LaunchScreen.storyboard */,
				1AECCA39270C29AD000FACA1 /* Info.plist */,
			);
			path = Kefan_Flix;
			sourceTree = "<group>";
		};
		1AECCA41270C29AD000FACA1 /* Kefan_FlixTests */ = {
			isa = PBXGroup;
			children = (
				1AECCA42270C29AD000FACA1 /* Kefan_FlixTests.swift */,
			);
			path = Kefan_FlixTests;
			sourceTree = "<group>";
		};
		1AECCA4B270C29AD000FACA1 /* Kefan_FlixUITests */ = {
			isa = PBXGroup;
			children = (
				1AECCA4C270C29AD000FACA1 /* Kefan_FlixUITests.swift */,
				1AECCA4E270C29AD000FACA1 /* Kefan_FlixUITestsLaunchTests.swift */,
			);
			path = Kefan_FlixUITests;
			sourceTree = "<group>";
		};
/* End PBXGroup section */

/* Begin PBXNativeTarget section */
		1AECCA27270C29AB000FACA1 /* Kefan_Flix */ = {
			isa = PBXNativeTarget;
			buildConfigurationList = 1AECCA52270C29AD000FACA1 /* Build configuration list for PBXNativeTarget "Kefan_Flix" */;
			buildPhases = (
				1AECCA24270C29AB000FACA1 /* Sources */,
				1AECCA25270C29AB000FACA1 /* Frameworks */,
				1AECCA26270C29AB000FACA1 /* Resources */,
			);
			buildRules = (
			);
			dependencies = (
			);
			name = Kefan_Flix;
			productName = Kefan_Flix;
			productReference = 1AECCA28270C29AB000FACA1 /* Kefan_Flix.app */;
			productType = "com.apple.product-type.application";
		};
		1AECCA3D270C29AD000FACA1 /* Kefan_FlixTests */ = {
			isa = PBXNativeTarget;
			buildConfigurationList = 1AECCA55270C29AD000FACA1 /* Build configuration list for PBXNativeTarget "Kefan_FlixTests" */;
			buildPhases = (
				1AECCA3A270C29AD000FACA1 /* Sources */,
				1AECCA3B270C29AD000FACA1 /* Frameworks */,
				1AECCA3C270C29AD000FACA1 /* Resources */,
			);
			buildRules = (
			);
			dependencies = (
				1AECCA40270C29AD000FACA1 /* PBXTargetDependency */,
			);
			name = Kefan_FlixTests;
			productName = Kefan_FlixTests;
			productReference = 1AECCA3E270C29AD000FACA1 /* Kefan_FlixTests.xctest */;
			productType = "com.apple.product-type.bundle.unit-test";
		};
		1AECCA47270C29AD000FACA1 /* Kefan_FlixUITests */ = {
			isa = PBXNativeTarget;
			buildConfigurationList = 1AECCA58270C29AD000FACA1 /* Build configuration list for PBXNativeTarget "Kefan_FlixUITests" */;
			buildPhases = (
				1AECCA44270C29AD000FACA1 /* Sources */,
				1AECCA45270C29AD000FACA1 /* Frameworks */,
				1AECCA46270C29AD000FACA1 /* Resources */,
			);
			buildRules = (
			);
			dependencies = (
				1AECCA4A270C29AD000FACA1 /* PBXTargetDependency */,
			);
			name = Kefan_FlixUITests;
			productName = Kefan_FlixUITests;
			productReference = 1AECCA48270C29AD000FACA1 /* Kefan_FlixUITests.xctest */;
			productType = "com.apple.product-type.bundle.ui-testing";
		};
/* End PBXNativeTarget section */

/* Begin PBXProject section */
		1AECCA20270C29AB000FACA1 /* Project object */ = {
			isa = PBXProject;
			attributes = {
				BuildIndependentTargetsInParallel = 1;
				LastSwiftUpdateCheck = 1300;
				LastUpgradeCheck = 1300;
				TargetAttributes = {
					1AECCA27270C29AB000FACA1 = {
						CreatedOnToolsVersion = 13.0;
					};
					1AECCA3D270C29AD000FACA1 = {
						CreatedOnToolsVersion = 13.0;
						TestTargetID = 1AECCA27270C29AB000FACA1;
					};
					1AECCA47270C29AD000FACA1 = {
						CreatedOnToolsVersion = 13.0;
						TestTargetID = 1AECCA27270C29AB000FACA1;
					};
				};
			};
			buildConfigurationList = 1AECCA23270C29AB000FACA1 /* Build configuration list for PBXProject "Kefan_Flix" */;
			compatibilityVersion = "Xcode 13.0";
			developmentRegion = en;
			hasScannedForEncodings = 0;
			knownRegions = (
				en,
				Base,
			);
			mainGroup = 1AECCA1F270C29AB000FACA1;
			productRefGroup = 1AECCA29270C29AB000FACA1 /* Products */;
			projectDirPath = "";
			projectRoot = "";
			targets = (
				1AECCA27270C29AB000FACA1 /* Kefan_Flix */,
				1AECCA3D270C29AD000FACA1 /* Kefan_FlixTests */,
				1AECCA47270C29AD000FACA1 /* Kefan_FlixUITests */,
			);
		};
/* End PBXProject section */

/* Begin PBXResourcesBuildPhase section */
		1AECCA26270C29AB000FACA1 /* Resources */ = {
			isa = PBXResourcesBuildPhase;
			buildActionMask = 2147483647;
			files = (
				1AECCA38270C29AD000FACA1 /* LaunchScreen.storyboard in Resources */,
				1AECCA35270C29AD000FACA1 /* Assets.xcassets in Resources */,
				1AECCA33270C29AB000FACA1 /* Main.storyboard in Resources */,
			);
			runOnlyForDeploymentPostprocessing = 0;
		};
		1AECCA3C270C29AD000FACA1 /* Resources */ = {
			isa = PBXResourcesBuildPhase;
			buildActionMask = 2147483647;
			files = (
			);
			runOnlyForDeploymentPostprocessing = 0;
		};
		1AECCA46270C29AD000FACA1 /* Resources */ = {
			isa = PBXResourcesBuildPhase;
			buildActionMask = 2147483647;
			files = (
			);
			runOnlyForDeploymentPostprocessing = 0;
		};
/* End PBXResourcesBuildPhase section */

/* Begin PBXSourcesBuildPhase section */
		1AECCA24270C29AB000FACA1 /* Sources */ = {
			isa = PBXSourcesBuildPhase;
			buildActionMask = 2147483647;
			files = (
				1AECCA30270C29AB000FACA1 /* ViewController.swift in Sources */,
				1AECCA2C270C29AB000FACA1 /* AppDelegate.swift in Sources */,
				1AECCA2E270C29AB000FACA1 /* SceneDelegate.swift in Sources */,
			);
			runOnlyForDeploymentPostprocessing = 0;
		};
		1AECCA3A270C29AD000FACA1 /* Sources */ = {
			isa = PBXSourcesBuildPhase;
			buildActionMask = 2147483647;
			files = (
				1AECCA43270C29AD000FACA1 /* Kefan_FlixTests.swift in Sources */,
			);
			runOnlyForDeploymentPostprocessing = 0;
		};
		1AECCA44270C29AD000FACA1 /* Sources */ = {
			isa = PBXSourcesBuildPhase;
			buildActionMask = 2147483647;
			files = (
				1AECCA4D270C29AD000FACA1 /* Kefan_FlixUITests.swift in Sources */,
				1AECCA4F270C29AD000FACA1 /* Kefan_FlixUITestsLaunchTests.swift in Sources */,
			);
			runOnlyForDeploymentPostprocessing = 0;
		};
/* End PBXSourcesBuildPhase section */

/* Begin PBXTargetDependency section */
		1AECCA40270C29AD000FACA1 /* PBXTargetDependency */ = {
			isa = PBXTargetDependency;
			target = 1AECCA27270C29AB000FACA1 /* Kefan_Flix */;
			targetProxy = 1AECCA3F270C29AD000FACA1 /* PBXContainerItemProxy */;
		};
		1AECCA4A270C29AD000FACA1 /* PBXTargetDependency */ = {
			isa = PBXTargetDependency;
			target = 1AECCA27270C29AB000FACA1 /* Kefan_Flix */;
			targetProxy = 1AECCA49270C29AD000FACA1 /* PBXContainerItemProxy */;
		};
/* End PBXTargetDependency section */

/* Begin PBXVariantGroup section */
		1AECCA31270C29AB000FACA1 /* Main.storyboard */ = {
			isa = PBXVariantGroup;
			children = (
				1AECCA32270C29AB000FACA1 /* Base */,
			);
			name = Main.storyboard;
			sourceTree = "<group>";
		};
		1AECCA36270C29AD000FACA1 /* LaunchScreen.storyboard */ = {
			isa = PBXVariantGroup;
			children = (
				1AECCA37270C29AD000FACA1 /* Base */,
			);
			name = LaunchScreen.storyboard;
			sourceTree = "<group>";
		};
/* End PBXVariantGroup section */

/* Begin XCBuildConfiguration section */
		1AECCA50270C29AD000FACA1 /* Debug */ = {
			isa = XCBuildConfiguration;
			buildSettings = {
				ALWAYS_SEARCH_USER_PATHS = NO;
				CLANG_ANALYZER_NONNULL = YES;
				CLANG_ANALYZER_NUMBER_OBJECT_CONVERSION = YES_AGGRESSIVE;
				CLANG_CXX_LANGUAGE_STANDARD = "gnu++17";
				CLANG_CXX_LIBRARY = "libc++";
				CLANG_ENABLE_MODULES = YES;
				CLANG_ENABLE_OBJC_ARC = YES;
				CLANG_ENABLE_OBJC_WEAK = YES;
				CLANG_WARN_BLOCK_CAPTURE_AUTORELEASING = YES;
				CLANG_WARN_BOOL_CONVERSION = YES;
				CLANG_WARN_COMMA = YES;
				CLANG_WARN_CONSTANT_CONVERSION = YES;
				CLANG_WARN_DEPRECATED_OBJC_IMPLEMENTATIONS = YES;
				CLANG_WARN_DIRECT_OBJC_ISA_USAGE = YES_ERROR;
				CLANG_WARN_DOCUMENTATION_COMMENTS = YES;
				CLANG_WARN_EMPTY_BODY = YES;
				CLANG_WARN_ENUM_CONVERSION = YES;
				CLANG_WARN_INFINITE_RECURSION = YES;
				CLANG_WARN_INT_CONVERSION = YES;
				CLANG_WARN_NON_LITERAL_NULL_CONVERSION = YES;
				CLANG_WARN_OBJC_IMPLICIT_RETAIN_SELF = YES;
				CLANG_WARN_OBJC_LITERAL_CONVERSION = YES;
				CLANG_WARN_OBJC_ROOT_CLASS = YES_ERROR;
				CLANG_WARN_QUOTED_INCLUDE_IN_FRAMEWORK_HEADER = YES;
				CLANG_WARN_RANGE_LOOP_ANALYSIS = YES;
				CLANG_WARN_STRICT_PROTOTYPES = YES;
				CLANG_WARN_SUSPICIOUS_MOVE = YES;
				CLANG_WARN_UNGUARDED_AVAILABILITY = YES_AGGRESSIVE;
				CLANG_WARN_UNREACHABLE_CODE = YES;
				CLANG_WARN__DUPLICATE_METHOD_MATCH = YES;
				COPY_PHASE_STRIP = NO;
				DEBUG_INFORMATION_FORMAT = dwarf;
				ENABLE_STRICT_OBJC_MSGSEND = YES;
				ENABLE_TESTABILITY = YES;
				GCC_C_LANGUAGE_STANDARD = gnu11;
				GCC_DYNAMIC_NO_PIC = NO;
				GCC_NO_COMMON_BLOCKS = YES;
				GCC_OPTIMIZATION_LEVEL = 0;
				GCC_PREPROCESSOR_DEFINITIONS = (
					"DEBUG=1",
					"$(inherited)",
				);
				GCC_WARN_64_TO_32_BIT_CONVERSION = YES;
				GCC_WARN_ABOUT_RETURN_TYPE = YES_ERROR;
				GCC_WARN_UNDECLARED_SELECTOR = YES;
				GCC_WARN_UNINITIALIZED_AUTOS = YES_AGGRESSIVE;
				GCC_WARN_UNUSED_FUNCTION = YES;
				GCC_WARN_UNUSED_VARIABLE = YES;
				IPHONEOS_DEPLOYMENT_TARGET = 15.0;
				MTL_ENABLE_DEBUG_INFO = INCLUDE_SOURCE;
				MTL_FAST_MATH = YES;
				ONLY_ACTIVE_ARCH = YES;
				SDKROOT = iphoneos;
				SWIFT_ACTIVE_COMPILATION_CONDITIONS = DEBUG;
				SWIFT_OPTIMIZATION_LEVEL = "-Onone";
			};
			name = Debug;
		};
		1AECCA51270C29AD000FACA1 /* Release */ = {
			isa = XCBuildConfiguration;
			buildSettings = {
				ALWAYS_SEARCH_USER_PATHS = NO;
				CLANG_ANALYZER_NONNULL = YES;
				CLANG_ANALYZER_NUMBER_OBJECT_CONVERSION = YES_AGGRESSIVE;
				CLANG_CXX_LANGUAGE_STANDARD = "gnu++17";
				CLANG_CXX_LIBRARY = "libc++";
				CLANG_ENABLE_MODULES = YES;
				CLANG_ENABLE_OBJC_ARC = YES;
				CLANG_ENABLE_OBJC_WEAK = YES;
				CLANG_WARN_BLOCK_CAPTURE_AUTORELEASING = YES;
				CLANG_WARN_BOOL_CONVERSION = YES;
				CLANG_WARN_COMMA = YES;
				CLANG_WARN_CONSTANT_CONVERSION = YES;
				CLANG_WARN_DEPRECATED_OBJC_IMPLEMENTATIONS = YES;
				CLANG_WARN_DIRECT_OBJC_ISA_USAGE = YES_ERROR;
				CLANG_WARN_DOCUMENTATION_COMMENTS = YES;
				CLANG_WARN_EMPTY_BODY = YES;
				CLANG_WARN_ENUM_CONVERSION = YES;
				CLANG_WARN_INFINITE_RECURSION = YES;
				CLANG_WARN_INT_CONVERSION = YES;
				CLANG_WARN_NON_LITERAL_NULL_CONVERSION = YES;
				CLANG_WARN_OBJC_IMPLICIT_RETAIN_SELF = YES;
				CLANG_WARN_OBJC_LITERAL_CONVERSION = YES;
				CLANG_WARN_OBJC_ROOT_CLASS = YES_ERROR;
				CLANG_WARN_QUOTED_INCLUDE_IN_FRAMEWORK_HEADER = YES;
				CLANG_WARN_RANGE_LOOP_ANALYSIS = YES;
				CLANG_WARN_STRICT_PROTOTYPES = YES;
				CLANG_WARN_SUSPICIOUS_MOVE = YES;
				CLANG_WARN_UNGUARDED_AVAILABILITY = YES_AGGRESSIVE;
				CLANG_WARN_UNREACHABLE_CODE = YES;
				CLANG_WARN__DUPLICATE_METHOD_MATCH = YES;
				COPY_PHASE_STRIP = NO;
				DEBUG_INFORMATION_FORMAT = "dwarf-with-dsym";
				ENABLE_NS_ASSERTIONS = NO;
				ENABLE_STRICT_OBJC_MSGSEND = YES;
				GCC_C_LANGUAGE_STANDARD = gnu11;
				GCC_NO_COMMON_BLOCKS = YES;
				GCC_WARN_64_TO_32_BIT_CONVERSION = YES;
				GCC_WARN_ABOUT_RETURN_TYPE = YES_ERROR;
				GCC_WARN_UNDECLARED_SELECTOR = YES;
				GCC_WARN_UNINITIALIZED_AUTOS = YES_AGGRESSIVE;
				GCC_WARN_UNUSED_FUNCTION = YES;
				GCC_WARN_UNUSED_VARIABLE = YES;
				IPHONEOS_DEPLOYMENT_TARGET = 15.0;
				MTL_ENABLE_DEBUG_INFO = NO;
				MTL_FAST_MATH = YES;
				SDKROOT = iphoneos;
				SWIFT_COMPILATION_MODE = wholemodule;
				SWIFT_OPTIMIZATION_LEVEL = "-O";
				VALIDATE_PRODUCT = YES;
			};
			name = Release;
		};
		1AECCA53270C29AD000FACA1 /* Debug */ = {
			isa = XCBuildConfiguration;
			buildSettings = {
				ASSETCATALOG_COMPILER_APPICON_NAME = AppIcon;
				ASSETCATALOG_COMPILER_GLOBAL_ACCENT_COLOR_NAME = AccentColor;
				CODE_SIGN_STYLE = Automatic;
				CURRENT_PROJECT_VERSION = 1;
				DEVELOPMENT_TEAM = GXQ447Z54J;
				GENERATE_INFOPLIST_FILE = YES;
				INFOPLIST_FILE = Kefan_Flix/Info.plist;
				INFOPLIST_KEY_UIApplicationSupportsIndirectInputEvents = YES;
				INFOPLIST_KEY_UILaunchStoryboardName = LaunchScreen;
				INFOPLIST_KEY_UIMainStoryboardFile = Main;
				INFOPLIST_KEY_UISupportedInterfaceOrientations_iPad = "UIInterfaceOrientationPortrait UIInterfaceOrientationPortraitUpsideDown UIInterfaceOrientationLandscapeLeft UIInterfaceOrientationLandscapeRight";
				INFOPLIST_KEY_UISupportedInterfaceOrientations_iPhone = "UIInterfaceOrientationPortrait UIInterfaceOrientationLandscapeLeft UIInterfaceOrientationLandscapeRight";
				LD_RUNPATH_SEARCH_PATHS = (
					"$(inherited)",
					"@executable_path/Frameworks",
				);
				MARKETING_VERSION = 1.0;
				PRODUCT_BUNDLE_IDENTIFIER = "com.kefanyu-codepath.Kefan-Flix";
				PRODUCT_NAME = "$(TARGET_NAME)";
				SWIFT_EMIT_LOC_STRINGS = YES;
				SWIFT_VERSION = 5.0;
				TARGETED_DEVICE_FAMILY = "1,2";
			};
			name = Debug;
		};
		1AECCA54270C29AD000FACA1 /* Release */ = {
			isa = XCBuildConfiguration;
			buildSettings = {
				ASSETCATALOG_COMPILER_APPICON_NAME = AppIcon;
				ASSETCATALOG_COMPILER_GLOBAL_ACCENT_COLOR_NAME = AccentColor;
				CODE_SIGN_STYLE = Automatic;
				CURRENT_PROJECT_VERSION = 1;
				DEVELOPMENT_TEAM = GXQ447Z54J;
				GENERATE_INFOPLIST_FILE = YES;
				INFOPLIST_FILE = Kefan_Flix/Info.plist;
				INFOPLIST_KEY_UIApplicationSupportsIndirectInputEvents = YES;
				INFOPLIST_KEY_UILaunchStoryboardName = LaunchScreen;
				INFOPLIST_KEY_UIMainStoryboardFile = Main;
				INFOPLIST_KEY_UISupportedInterfaceOrientations_iPad = "UIInterfaceOrientationPortrait UIInterfaceOrientationPortraitUpsideDown UIInterfaceOrientationLandscapeLeft UIInterfaceOrientationLandscapeRight";
				INFOPLIST_KEY_UISupportedInterfaceOrientations_iPhone = "UIInterfaceOrientationPortrait UIInterfaceOrientationLandscapeLeft UIInterfaceOrientationLandscapeRight";
				LD_RUNPATH_SEARCH_PATHS = (
					"$(inherited)",
					"@executable_path/Frameworks",
				);
				MARKETING_VERSION = 1.0;
				PRODUCT_BUNDLE_IDENTIFIER = "com.kefanyu-codepath.Kefan-Flix";
				PRODUCT_NAME = "$(TARGET_NAME)";
				SWIFT_EMIT_LOC_STRINGS = YES;
				SWIFT_VERSION = 5.0;
				TARGETED_DEVICE_FAMILY = "1,2";
			};
			name = Release;
		};
		1AECCA56270C29AD000FACA1 /* Debug */ = {
			isa = XCBuildConfiguration;
			buildSettings = {
				ALWAYS_EMBED_SWIFT_STANDARD_LIBRARIES = YES;
				BUNDLE_LOADER = "$(TEST_HOST)";
				CODE_SIGN_STYLE = Automatic;
				CURRENT_PROJECT_VERSION = 1;
				DEVELOPMENT_TEAM = GXQ447Z54J;
				GENERATE_INFOPLIST_FILE = YES;
				IPHONEOS_DEPLOYMENT_TARGET = 15.0;
				LD_RUNPATH_SEARCH_PATHS = (
					"$(inherited)",
					"@executable_path/Frameworks",
					"@loader_path/Frameworks",
				);
				MARKETING_VERSION = 1.0;
				PRODUCT_BUNDLE_IDENTIFIER = "com.kefanyu-codepath.Kefan-FlixTests";
				PRODUCT_NAME = "$(TARGET_NAME)";
				SWIFT_EMIT_LOC_STRINGS = NO;
				SWIFT_VERSION = 5.0;
				TARGETED_DEVICE_FAMILY = "1,2";
				TEST_HOST = "$(BUILT_PRODUCTS_DIR)/Kefan_Flix.app/Kefan_Flix";
			};
			name = Debug;
		};
		1AECCA57270C29AD000FACA1 /* Release */ = {
			isa = XCBuildConfiguration;
			buildSettings = {
				ALWAYS_EMBED_SWIFT_STANDARD_LIBRARIES = YES;
				BUNDLE_LOADER = "$(TEST_HOST)";
				CODE_SIGN_STYLE = Automatic;
				CURRENT_PROJECT_VERSION = 1;
				DEVELOPMENT_TEAM = GXQ447Z54J;
				GENERATE_INFOPLIST_FILE = YES;
				IPHONEOS_DEPLOYMENT_TARGET = 15.0;
				LD_RUNPATH_SEARCH_PATHS = (
					"$(inherited)",
					"@executable_path/Frameworks",
					"@loader_path/Frameworks",
				);
				MARKETING_VERSION = 1.0;
				PRODUCT_BUNDLE_IDENTIFIER = "com.kefanyu-codepath.Kefan-FlixTests";
				PRODUCT_NAME = "$(TARGET_NAME)";
				SWIFT_EMIT_LOC_STRINGS = NO;
				SWIFT_VERSION = 5.0;
				TARGETED_DEVICE_FAMILY = "1,2";
				TEST_HOST = "$(BUILT_PRODUCTS_DIR)/Kefan_Flix.app/Kefan_Flix";
			};
			name = Release;
		};
		1AECCA59270C29AD000FACA1 /* Debug */ = {
			isa = XCBuildConfiguration;
			buildSettings = {
				ALWAYS_EMBED_SWIFT_STANDARD_LIBRARIES = YES;
				CODE_SIGN_STYLE = Automatic;
				CURRENT_PROJECT_VERSION = 1;
				DEVELOPMENT_TEAM = GXQ447Z54J;
				GENERATE_INFOPLIST_FILE = YES;
				LD_RUNPATH_SEARCH_PATHS = (
					"$(inherited)",
					"@executable_path/Frameworks",
					"@loader_path/Frameworks",
				);
				MARKETING_VERSION = 1.0;
				PRODUCT_BUNDLE_IDENTIFIER = "com.kefanyu-codepath.Kefan-FlixUITests";
				PRODUCT_NAME = "$(TARGET_NAME)";
				SWIFT_EMIT_LOC_STRINGS = NO;
				SWIFT_VERSION = 5.0;
				TARGETED_DEVICE_FAMILY = "1,2";
				TEST_TARGET_NAME = Kefan_Flix;
			};
			name = Debug;
		};
		1AECCA5A270C29AD000FACA1 /* Release */ = {
			isa = XCBuildConfiguration;
			buildSettings = {
				ALWAYS_EMBED_SWIFT_STANDARD_LIBRARIES = YES;
				CODE_SIGN_STYLE = Automatic;
				CURRENT_PROJECT_VERSION = 1;
				DEVELOPMENT_TEAM = GXQ447Z54J;
				GENERATE_INFOPLIST_FILE = YES;
				LD_RUNPATH_SEARCH_PATHS = (
					"$(inherited)",
					"@executable_path/Frameworks",
					"@loader_path/Frameworks",
				);
				MARKETING_VERSION = 1.0;
				PRODUCT_BUNDLE_IDENTIFIER = "com.kefanyu-codepath.Kefan-FlixUITests";
				PRODUCT_NAME = "$(TARGET_NAME)";
				SWIFT_EMIT_LOC_STRINGS = NO;
				SWIFT_VERSION = 5.0;
				TARGETED_DEVICE_FAMILY = "1,2";
				TEST_TARGET_NAME = Kefan_Flix;
			};
			name = Release;
		};
/* End XCBuildConfiguration section */

/* Begin XCConfigurationList section */
		1AECCA23270C29AB000FACA1 /* Build configuration list for PBXProject "Kefan_Flix" */ = {
			isa = XCConfigurationList;
			buildConfigurations = (
				1AECCA50270C29AD000FACA1 /* Debug */,
				1AECCA51270C29AD000FACA1 /* Release */,
			);
			defaultConfigurationIsVisible = 0;
			defaultConfigurationName = Release;
		};
		1AECCA52270C29AD000FACA1 /* Build configuration list for PBXNativeTarget "Kefan_Flix" */ = {
			isa = XCConfigurationList;
			buildConfigurations = (
				1AECCA53270C29AD000FACA1 /* Debug */,
				1AECCA54270C29AD000FACA1 /* Release */,
			);
			defaultConfigurationIsVisible = 0;
			defaultConfigurationName = Release;
		};
		1AECCA55270C29AD000FACA1 /* Build configuration list for PBXNativeTarget "Kefan_FlixTests" */ = {
			isa = XCConfigurationList;
			buildConfigurations = (
				1AECCA56270C29AD000FACA1 /* Debug */,
				1AECCA57270C29AD000FACA1 /* Release */,
			);
			defaultConfigurationIsVisible = 0;
			defaultConfigurationName = Release;
		};
		1AECCA58270C29AD000FACA1 /* Build configuration list for PBXNativeTarget "Kefan_FlixUITests" */ = {
			isa = XCConfigurationList;
			buildConfigurations = (
				1AECCA59270C29AD000FACA1 /* Debug */,
				1AECCA5A270C29AD000FACA1 /* Release */,
			);
			defaultConfigurationIsVisible = 0;
			defaultConfigurationName = Release;
		};
/* End XCConfigurationList section */
	};
	rootObject = 1AECCA20270C29AB000FACA1 /* Project object */;
}
